
Microsoft Visual Studio Solution File, Format Version 12.00
# Visual Studio 14
VisualStudioVersion = 14.0.25420.1
MinimumVisualStudioVersion = 10.0.40219.1
Project("{FAE04EC0-301F-11D3-BF4B-00C04F79EFBC}") = "AlphaRtkViewer", "AlphaRtkViewer\AlphaRtkViewer.csproj", "{F4518967-B561-4825-9C02-FC3B2537220F}"
EndProject
Project("{FAE04EC0-301F-11D3-BF4B-00C04F79EFBC}") = "RtkViewerUpdater", "RtkViewerUpdater\RtkViewerUpdater.csproj", "{98A5D21D-8793-4F48-84BC-E781CA57984D}"
EndProject
Global
	GlobalSection(SolutionConfigurationPlatforms) = preSolution
		Debug_LocalRun|Any CPU = Debug_LocalRun|Any CPU
		Debug_LocalRun|x86 = Debug_LocalRun|x86
		Debug|Any CPU = Debug|Any CPU
		Debug|x86 = Debug|x86
		Release_LocalRun|Any CPU = Release_LocalRun|Any CPU
		Release_LocalRun|x86 = Release_LocalRun|x86
		Release_Yves|Any CPU = Release_Yves|Any CPU
		Release_Yves|x86 = Release_Yves|x86
		Release|Any CPU = Release|Any CPU
		Release|x86 = Release|x86
	EndGlobalSection
	GlobalSection(ProjectConfigurationPlatforms) = postSolution
		{F4518967-B561-4825-9C02-FC3B2537220F}.Debug_LocalRun|Any CPU.ActiveCfg = Debug_LocalRun|Any CPU
		{F4518967-B561-4825-9C02-FC3B2537220F}.Debug_LocalRun|Any CPU.Build.0 = Debug_LocalRun|Any CPU
		{F4518967-B561-4825-9C02-FC3B2537220F}.Debug_LocalRun|x86.ActiveCfg = Debug_LocalRun|x86
		{F4518967-B561-4825-9C02-FC3B2537220F}.Debug_LocalRun|x86.Build.0 = Debug_LocalRun|x86
		{F4518967-B561-4825-9C02-FC3B2537220F}.Debug|Any CPU.ActiveCfg = Debug|Any CPU
		{F4518967-B561-4825-9C02-FC3B2537220F}.Debug|Any CPU.Build.0 = Debug|Any CPU
		{F4518967-B561-4825-9C02-FC3B2537220F}.Debug|x86.ActiveCfg = Debug|x86
		{F4518967-B561-4825-9C02-FC3B2537220F}.Debug|x86.Build.0 = Debug|x86
		{F4518967-B561-4825-9C02-FC3B2537220F}.Release_LocalRun|Any CPU.ActiveCfg = Release_LocalRun|Any CPU
		{F4518967-B561-4825-9C02-FC3B2537220F}.Release_LocalRun|Any CPU.Build.0 = Release_LocalRun|Any CPU
		{F4518967-B561-4825-9C02-FC3B2537220F}.Release_LocalRun|x86.ActiveCfg = Release_LocalRun|x86
		{F4518967-B561-4825-9C02-FC3B2537220F}.Release_LocalRun|x86.Build.0 = Release_LocalRun|x86
		{F4518967-B561-4825-9C02-FC3B2537220F}.Release_Yves|Any CPU.ActiveCfg = Release_Yves|Any CPU
		{F4518967-B561-4825-9C02-FC3B2537220F}.Release_Yves|Any CPU.Build.0 = Release_Yves|Any CPU
		{F4518967-B561-4825-9C02-FC3B2537220F}.Release_Yves|x86.ActiveCfg = Release_Yves|x86
		{F4518967-B561-4825-9C02-FC3B2537220F}.Release_Yves|x86.Build.0 = Release_Yves|x86
		{F4518967-B561-4825-9C02-FC3B2537220F}.Release|Any CPU.ActiveCfg = Release|Any CPU
		{F4518967-B561-4825-9C02-FC3B2537220F}.Release|Any CPU.Build.0 = Release|Any CPU
		{F4518967-B561-4825-9C02-FC3B2537220F}.Release|x86.ActiveCfg = Release|x86
		{F4518967-B561-4825-9C02-FC3B2537220F}.Release|x86.Build.0 = Release|x86
		{98A5D21D-8793-4F48-84BC-E781CA57984D}.Debug_LocalRun|Any CPU.ActiveCfg = Debug|Any CPU
		{98A5D21D-8793-4F48-84BC-E781CA57984D}.Debug_LocalRun|Any CPU.Build.0 = Debug|Any CPU
		{98A5D21D-8793-4F48-84BC-E781CA57984D}.Debug_LocalRun|x86.ActiveCfg = Debug|Any CPU
		{98A5D21D-8793-4F48-84BC-E781CA57984D}.Debug_LocalRun|x86.Build.0 = Debug|Any CPU
		{98A5D21D-8793-4F48-84BC-E781CA57984D}.Debug|Any CPU.ActiveCfg = Debug|Any CPU
		{98A5D21D-8793-4F48-84BC-E781CA57984D}.Debug|Any CPU.Build.0 = Debug|Any CPU
		{98A5D21D-8793-4F48-84BC-E781CA57984D}.Debug|x86.ActiveCfg = Debug|Any CPU
		{98A5D21D-8793-4F48-84BC-E781CA57984D}.Debug|x86.Build.0 = Debug|Any CPU
		{98A5D21D-8793-4F48-84BC-E781CA57984D}.Release_LocalRun|Any CPU.ActiveCfg = Release|Any CPU
		{98A5D21D-8793-4F48-84BC-E781CA57984D}.Release_LocalRun|Any CPU.Build.0 = Release|Any CPU
		{98A5D21D-8793-4F48-84BC-E781CA57984D}.Release_LocalRun|x86.ActiveCfg = Release|Any CPU
		{98A5D21D-8793-4F48-84BC-E781CA57984D}.Release_LocalRun|x86.Build.0 = Release|Any CPU
		{98A5D21D-8793-4F48-84BC-E781CA57984D}.Release_Yves|Any CPU.ActiveCfg = Release|Any CPU
		{98A5D21D-8793-4F48-84BC-E781CA57984D}.Release_Yves|Any CPU.Build.0 = Release|Any CPU
		{98A5D21D-8793-4F48-84BC-E781CA57984D}.Release_Yves|x86.ActiveCfg = Release|Any CPU
		{98A5D21D-8793-4F48-84BC-E781CA57984D}.Release_Yves|x86.Build.0 = Release|Any CPU
		{98A5D21D-8793-4F48-84BC-E781CA57984D}.Release|Any CPU.ActiveCfg = Release|Any CPU
		{98A5D21D-8793-4F48-84BC-E781CA57984D}.Release|Any CPU.Build.0 = Release|Any CPU
		{98A5D21D-8793-4F48-84BC-E781CA57984D}.Release|x86.ActiveCfg = Release|Any CPU
		{98A5D21D-8793-4F48-84BC-E781CA57984D}.Release|x86.Build.0 = Release|Any CPU
	EndGlobalSection
	GlobalSection(SolutionProperties) = preSolution
		HideSolutionNode = FALSE
	EndGlobalSection
EndGlobal
